Microsoft Visual Studio Solution File, Format Version 12.00
# Visual Studio Version 17
VisualStudioVersion = 17.0.31903.59
MinimumVisualStudioVersion = 10.0.40219.1
Project("{9A19103F-16F7-4668-BE54-9A1E7A4F7556}") = "MDExport", "MDExport\MDExport.csproj", "{1B7E7E7E-1111-4111-9111-111111111111}"
EndProject
Project("{6485C558-2C2D-4E13-8C75-D6B71F8F7DD7}") = "MDExport.Installer", "MDExport.Installer\MDExport.Installer.wixproj", "{2B7E7E7E-2222-4222-9222-222222222222}"
EndProject
Global
	GlobalSection(SolutionConfigurationPlatforms) = preSolution
		Debug|Any CPU = Debug|Any CPU
		Debug|x64 = Debug|x64
		Release|Any CPU = Release|Any CPU
		Release|x64 = Release|x64
	EndGlobalSection
	GlobalSection(ProjectConfigurationPlatforms) = postSolution
		{1B7E7E7E-1111-4111-9111-111111111111}.Debug|Any CPU.ActiveCfg = Debug|Any CPU
		{1B7E7E7E-1111-4111-9111-111111111111}.Debug|Any CPU.Build.0 = Debug|Any CPU
		{1B7E7E7E-1111-4111-9111-111111111111}.Debug|x64.ActiveCfg = Debug|x64
		{1B7E7E7E-1111-4111-9111-111111111111}.Debug|x64.Build.0 = Debug|x64
		{1B7E7E7E-1111-4111-9111-111111111111}.Release|Any CPU.ActiveCfg = Release|Any CPU
		{1B7E7E7E-1111-4111-9111-111111111111}.Release|Any CPU.Build.0 = Release|Any CPU
		{1B7E7E7E-1111-4111-9111-111111111111}.Release|x64.ActiveCfg = Release|x64
		{1B7E7E7E-1111-4111-9111-111111111111}.Release|x64.Build.0 = Release|x64
		{2B7E7E7E-2222-4222-9222-222222222222}.Debug|Any CPU.ActiveCfg = Debug|x64
		{2B7E7E7E-2222-4222-9222-222222222222}.Debug|x64.ActiveCfg = Debug|x64
		{2B7E7E7E-2222-4222-9222-222222222222}.Debug|x64.Build.0 = Debug|x64
		{2B7E7E7E-2222-4222-9222-222222222222}.Release|Any CPU.ActiveCfg = Release|x64
		{2B7E7E7E-2222-4222-9222-222222222222}.Release|x64.ActiveCfg = Release|x64
		{2B7E7E7E-2222-4222-9222-222222222222}.Release|x64.Build.0 = Release|x64
	EndGlobalSection
	GlobalSection(SolutionProperties) = preSolution
		HideSolutionNode = FALSE
	EndGlobalSection
EndGlobal
